
Microsoft Visual Studio Solution File, Format Version 12.00
# Visual Studio Version 17
VisualStudioVersion = 17.11.35222.181
MinimumVisualStudioVersion = 10.0.40219.1
Project("{FAE04EC0-301F-11D3-BF4B-00C04F79EFBC}") = "InsuranceManagement", "InsuranceManagement.csproj", "{9222054C-51A9-4BEC-A433-D36B4A213342}"
EndProject
Global
	GlobalSection(SolutionConfigurationPlatforms) = preSolution
		Debug|Any CPU = Debug|Any CPU
		Release|Any CPU = Release|Any CPU
	EndGlobalSection
	GlobalSection(ProjectConfigurationPlatforms) = postSolution
		{9222054C-51A9-4BEC-A433-D36B4A213342}.Debug|Any CPU.ActiveCfg = Debug|Any CPU
		{9222054C-51A9-4BEC-A433-D36B4A213342}.Debug|Any CPU.Build.0 = Debug|Any CPU
		{9222054C-51A9-4BEC-A433-D36B4A213342}.Release|Any CPU.ActiveCfg = Release|Any CPU
		{9222054C-51A9-4BEC-A433-D36B4A213342}.Release|Any CPU.Build.0 = Release|Any CPU
	EndGlobalSection
	GlobalSection(SolutionProperties) = preSolution
		HideSolutionNode = FALSE
	EndGlobalSection
	GlobalSection(ExtensibilityGlobals) = postSolution
		SolutionGuid = {0D7DC54F-C0C2-4A17-9F19-367BC6C14B1C}
	EndGlobalSection
EndGlobal
